// !$*UTF8*$!
{
	archiveVersion = 1;
	classes = {
	};
	objectVersion = 46;
	objects = {

/* Begin PBXBuildFile section */
		F12284241D6DCF1500EDDE6B /* AppDelegate.swift in Sources */ = {isa = PBXBuildFile; fileRef = F12284231D6DCF1500EDDE6B /* AppDelegate.swift */; };
		F12284291D6DCF1600EDDE6B /* Main.storyboard in Resources */ = {isa = PBXBuildFile; fileRef = F12284271D6DCF1600EDDE6B /* Main.storyboard */; };
		F122842B1D6DCF1600EDDE6B /* Assets.xcassets in Resources */ = {isa = PBXBuildFile; fileRef = F122842A1D6DCF1600EDDE6B /* Assets.xcassets */; };
		F122842E1D6DCF1600EDDE6B /* LaunchScreen.storyboard in Resources */ = {isa = PBXBuildFile; fileRef = F122842C1D6DCF1600EDDE6B /* LaunchScreen.storyboard */; };
		F12284361D6DCFE900EDDE6B /* MyRestrauntsTableViewController.swift in Sources */ = {isa = PBXBuildFile; fileRef = F12284351D6DCFE900EDDE6B /* MyRestrauntsTableViewController.swift */; };
		F12284381D6DD18D00EDDE6B /* MyRestrauntsTableViewCell.swift in Sources */ = {isa = PBXBuildFile; fileRef = F12284371D6DD18D00EDDE6B /* MyRestrauntsTableViewCell.swift */; };
		F159AB451D7002F0001C62EA /* DetailsViewController.swift in Sources */ = {isa = PBXBuildFile; fileRef = F159AB441D7002F0001C62EA /* DetailsViewController.swift */; };
		F159AB471D70E550001C62EA /* Restauranrs.swift in Sources */ = {isa = PBXBuildFile; fileRef = F159AB461D70E550001C62EA /* Restauranrs.swift */; };
		F1B13D771D72F8DA0048FFC6 /* DetailTableViewCell.swift in Sources */ = {isa = PBXBuildFile; fileRef = F1B13D761D72F8DA0048FFC6 /* DetailTableViewCell.swift */; };
/* End PBXBuildFile section */

/* Begin PBXFileReference section */
		F12284201D6DCF1500EDDE6B /* MyRestraunts.app */ = {isa = PBXFileReference; explicitFileType = wrapper.application; includeInIndex = 0; path = MyRestraunts.app; sourceTree = BUILT_PRODUCTS_DIR; };
		F12284231D6DCF1500EDDE6B /* AppDelegate.swift */ = {isa = PBXFileReference; lastKnownFileType = sourcecode.swift; path = AppDelegate.swift; sourceTree = "<group>"; };
		F12284281D6DCF1600EDDE6B /* Base */ = {isa = PBXFileReference; lastKnownFileType = file.storyboard; name = Base; path = Base.lproj/Main.storyboard; sourceTree = "<group>"; };
		F122842A1D6DCF1600EDDE6B /* Assets.xcassets */ = {isa = PBXFileReference; lastKnownFileType = folder.assetcatalog; path = Assets.xcassets; sourceTree = "<group>"; };
		F122842D1D6DCF1600EDDE6B /* Base */ = {isa = PBXFileReference; lastKnownFileType = file.storyboard; name = Base; path = Base.lproj/LaunchScreen.storyboard; sourceTree = "<group>"; };
		F122842F1D6DCF1600EDDE6B /* Info.plist */ = {isa = PBXFileReference; lastKnownFileType = text.plist.xml; path = Info.plist; sourceTree = "<group>"; };
		F12284351D6DCFE900EDDE6B /* MyRestrauntsTableViewController.swift */ = {isa = PBXFileReference; fileEncoding = 4; lastKnownFileType = sourcecode.swift; path = MyRestrauntsTableViewController.swift; sourceTree = "<group>"; };
		F12284371D6DD18D00EDDE6B /* MyRestrauntsTableViewCell.swift */ = {isa = PBXFileReference; fileEncoding = 4; lastKnownFileType = sourcecode.swift; path = MyRestrauntsTableViewCell.swift; sourceTree = "<group>"; };
		F159AB441D7002F0001C62EA /* DetailsViewController.swift */ = {isa = PBXFileReference; fileEncoding = 4; lastKnownFileType = sourcecode.swift; path = DetailsViewController.swift; sourceTree = "<group>"; };
		F159AB461D70E550001C62EA /* Restauranrs.swift */ = {isa = PBXFileReference; fileEncoding = 4; lastKnownFileType = sourcecode.swift; path = Restauranrs.swift; sourceTree = "<group>"; };
		F1B13D761D72F8DA0048FFC6 /* DetailTableViewCell.swift */ = {isa = PBXFileReference; fileEncoding = 4; lastKnownFileType = sourcecode.swift; path = DetailTableViewCell.swift; sourceTree = "<group>"; };
/* End PBXFileReference section */

/* Begin PBXFrameworksBuildPhase section */
		F122841D1D6DCF1500EDDE6B /* Frameworks */ = {
			isa = PBXFrameworksBuildPhase;
			buildActionMask = 2147483647;
			files = (
			);
			runOnlyForDeploymentPostprocessing = 0;
		};
/* End PBXFrameworksBuildPhase section */

/* Begin PBXGroup section */
		F12284171D6DCF1500EDDE6B = {
			isa = PBXGroup;
			children = (
				F12284221D6DCF1500EDDE6B /* MyRestraunts */,
				F12284211D6DCF1500EDDE6B /* Products */,
			);
			sourceTree = "<group>";
		};
		F12284211D6DCF1500EDDE6B /* Products */ = {
			isa = PBXGroup;
			children = (
				F12284201D6DCF1500EDDE6B /* MyRestraunts.app */,
			);
			name = Products;
			sourceTree = "<group>";
		};
		F12284221D6DCF1500EDDE6B /* MyRestraunts */ = {
			isa = PBXGroup;
			children = (
				F12284231D6DCF1500EDDE6B /* AppDelegate.swift */,
				F12284351D6DCFE900EDDE6B /* MyRestrauntsTableViewController.swift */,
				F12284371D6DD18D00EDDE6B /* MyRestrauntsTableViewCell.swift */,
				F159AB461D70E550001C62EA /* Restauranrs.swift */,
				F159AB441D7002F0001C62EA /* DetailsViewController.swift */,
				F1B13D761D72F8DA0048FFC6 /* DetailTableViewCell.swift */,
				F12284271D6DCF1600EDDE6B /* Main.storyboard */,
				F122842A1D6DCF1600EDDE6B /* Assets.xcassets */,
				F122842C1D6DCF1600EDDE6B /* LaunchScreen.storyboard */,
				F122842F1D6DCF1600EDDE6B /* Info.plist */,
			);
			path = MyRestraunts;
			sourceTree = "<group>";
		};
/* End PBXGroup section */

/* Begin PBXNativeTarget section */
		F122841F1D6DCF1500EDDE6B /* MyRestraunts */ = {
			isa = PBXNativeTarget;
			buildConfigurationList = F12284321D6DCF1600EDDE6B /* Build configuration list for PBXNativeTarget "MyRestraunts" */;
			buildPhases = (
				F122841C1D6DCF1500EDDE6B /* Sources */,
				F122841D1D6DCF1500EDDE6B /* Frameworks */,
				F122841E1D6DCF1500EDDE6B /* Resources */,
			);
			buildRules = (
			);
			dependencies = (
			);
			name = MyRestraunts;
			productName = MyRestraunts;
			productReference = F12284201D6DCF1500EDDE6B /* MyRestraunts.app */;
			productType = "com.apple.product-type.application";
		};
/* End PBXNativeTarget section */

/* Begin PBXProject section */
		F12284181D6DCF1500EDDE6B /* Project object */ = {
			isa = PBXProject;
			attributes = {
				LastSwiftUpdateCheck = 0800;
				LastUpgradeCheck = 0800;
				ORGANIZATIONNAME = "Andrei Palonski";
				TargetAttributes = {
					F122841F1D6DCF1500EDDE6B = {
						CreatedOnToolsVersion = 8.0;
						DevelopmentTeam = QMNXFRSMX5;
						DevelopmentTeamName = "Andrei Palonski (Personal Team)";
						ProvisioningStyle = Automatic;
					};
				};
			};
			buildConfigurationList = F122841B1D6DCF1500EDDE6B /* Build configuration list for PBXProject "MyRestraunts" */;
			compatibilityVersion = "Xcode 3.2";
			developmentRegion = English;
			hasScannedForEncodings = 0;
			knownRegions = (
				en,
				Base,
			);
			mainGroup = F12284171D6DCF1500EDDE6B;
			productRefGroup = F12284211D6DCF1500EDDE6B /* Products */;
			projectDirPath = "";
			projectRoot = "";
			targets = (
				F122841F1D6DCF1500EDDE6B /* MyRestraunts */,
			);
		};
/* End PBXProject section */

/* Begin PBXResourcesBuildPhase section */
		F122841E1D6DCF1500EDDE6B /* Resources */ = {
			isa = PBXResourcesBuildPhase;
			buildActionMask = 2147483647;
			files = (
				F122842E1D6DCF1600EDDE6B /* LaunchScreen.storyboard in Resources */,
				F122842B1D6DCF1600EDDE6B /* Assets.xcassets in Resources */,
				F12284291D6DCF1600EDDE6B /* Main.storyboard in Resources */,
			);
			runOnlyForDeploymentPostprocessing = 0;
		};
/* End PBXResourcesBuildPhase section */

/* Begin PBXSourcesBuildPhase section */
		F122841C1D6DCF1500EDDE6B /* Sources */ = {
			isa = PBXSourcesBuildPhase;
			buildActionMask = 2147483647;
			files = (
				F1B13D771D72F8DA0048FFC6 /* DetailTableViewCell.swift in Sources */,
				F12284361D6DCFE900EDDE6B /* MyRestrauntsTableViewController.swift in Sources */,
				F12284241D6DCF1500EDDE6B /* AppDelegate.swift in Sources */,
				F159AB471D70E550001C62EA /* Restauranrs.swift in Sources */,
				F12284381D6DD18D00EDDE6B /* MyRestrauntsTableViewCell.swift in Sources */,
				F159AB451D7002F0001C62EA /* DetailsViewController.swift in Sources */,
			);
			runOnlyForDeploymentPostprocessing = 0;
		};
/* End PBXSourcesBuildPhase section */

/* Begin PBXVariantGroup section */
		F12284271D6DCF1600EDDE6B /* Main.storyboard */ = {
			isa = PBXVariantGroup;
			children = (
				F12284281D6DCF1600EDDE6B /* Base */,
			);
			name = Main.storyboard;
			sourceTree = "<group>";
		};
		F122842C1D6DCF1600EDDE6B /* LaunchScreen.storyboard */ = {
			isa = PBXVariantGroup;
			children = (
				F122842D1D6DCF1600EDDE6B /* Base */,
			);
			name = LaunchScreen.storyboard;
			sourceTree = "<group>";
		};
/* End PBXVariantGroup section */

/* Begin XCBuildConfiguration section */
		F12284301D6DCF1600EDDE6B /* Debug */ = {
			isa = XCBuildConfiguration;
			buildSettings = {
				ALWAYS_SEARCH_USER_PATHS = NO;
				CLANG_ANALYZER_NONNULL = YES;
				CLANG_CXX_LANGUAGE_STANDARD = "gnu++0x";
				CLANG_CXX_LIBRARY = "libc++";
				CLANG_ENABLE_MODULES = YES;
				CLANG_ENABLE_OBJC_ARC = YES;
				CLANG_WARN_BOOL_CONVERSION = YES;
				CLANG_WARN_CONSTANT_CONVERSION = YES;
				CLANG_WARN_DIRECT_OBJC_ISA_USAGE = YES_ERROR;
				CLANG_WARN_DOCUMENTATION_COMMENTS = YES;
				CLANG_WARN_EMPTY_BODY = YES;
				CLANG_WARN_ENUM_CONVERSION = YES;
				CLANG_WARN_INT_CONVERSION = YES;
				CLANG_WARN_OBJC_ROOT_CLASS = YES_ERROR;
				CLANG_WARN_UNREACHABLE_CODE = YES;
				CLANG_WARN__DUPLICATE_METHOD_MATCH = YES;
				"CODE_SIGN_IDENTITY[sdk=iphoneos*]" = "iPhone Developer";
				COPY_PHASE_STRIP = NO;
				DEBUG_INFORMATION_FORMAT = dwarf;
				ENABLE_STRICT_OBJC_MSGSEND = YES;
				ENABLE_TESTABILITY = YES;
				GCC_C_LANGUAGE_STANDARD = gnu99;
				GCC_DYNAMIC_NO_PIC = NO;
				GCC_NO_COMMON_BLOCKS = YES;
				GCC_OPTIMIZATION_LEVEL = 0;
				GCC_PREPROCESSOR_DEFINITIONS = (
					"DEBUG=1",
					"$(inherited)",
				);
				GCC_WARN_64_TO_32_BIT_CONVERSION = YES;
				GCC_WARN_ABOUT_RETURN_TYPE = YES_ERROR;
				GCC_WARN_UNDECLARED_SELECTOR = YES;
				GCC_WARN_UNINITIALIZED_AUTOS = YES_AGGRESSIVE;
				GCC_WARN_UNUSED_FUNCTION = YES;
				GCC_WARN_UNUSED_VARIABLE = YES;
				IPHONEOS_DEPLOYMENT_TARGET = 10.0;
				MTL_ENABLE_DEBUG_INFO = YES;
				ONLY_ACTIVE_ARCH = YES;
				SDKROOT = iphoneos;
				SWIFT_ACTIVE_COMPILATION_CONDITIONS = DEBUG;
				SWIFT_OPTIMIZATION_LEVEL = "-Onone";
				TARGETED_DEVICE_FAMILY = "1,2";
			};
			name = Debug;
		};
		F12284311D6DCF1600EDDE6B /* Release */ = {
			isa = XCBuildConfiguration;
			buildSettings = {
				ALWAYS_SEARCH_USER_PATHS = NO;
				CLANG_ANALYZER_NONNULL = YES;
				CLANG_CXX_LANGUAGE_STANDARD = "gnu++0x";
				CLANG_CXX_LIBRARY = "libc++";
				CLANG_ENABLE_MODULES = YES;
				CLANG_ENABLE_OBJC_ARC = YES;
				CLANG_WARN_BOOL_CONVERSION = YES;
				CLANG_WARN_CONSTANT_CONVERSION = YES;
				CLANG_WARN_DIRECT_OBJC_ISA_USAGE = YES_ERROR;
				CLANG_WARN_DOCUMENTATION_COMMENTS = YES;
				CLANG_WARN_EMPTY_BODY = YES;
				CLANG_WARN_ENUM_CONVERSION = YES;
				CLANG_WARN_INT_CONVERSION = YES;
				CLANG_WARN_OBJC_ROOT_CLASS = YES_ERROR;
				CLANG_WARN_UNREACHABLE_CODE = YES;
				CLANG_WARN__DUPLICATE_METHOD_MATCH = YES;
				"CODE_SIGN_IDENTITY[sdk=iphoneos*]" = "iPhone Developer";
				COPY_PHASE_STRIP = NO;
				DEBUG_INFORMATION_FORMAT = "dwarf-with-dsym";
				ENABLE_NS_ASSERTIONS = NO;
				ENABLE_STRICT_OBJC_MSGSEND = YES;
				GCC_C_LANGUAGE_STANDARD = gnu99;
				GCC_NO_COMMON_BLOCKS = YES;
				GCC_WARN_64_TO_32_BIT_CONVERSION = YES;
				GCC_WARN_ABOUT_RETURN_TYPE = YES_ERROR;
				GCC_WARN_UNDECLARED_SELECTOR = YES;
				GCC_WARN_UNINITIALIZED_AUTOS = YES_AGGRESSIVE;
				GCC_WARN_UNUSED_FUNCTION = YES;
				GCC_WARN_UNUSED_VARIABLE = YES;
				IPHONEOS_DEPLOYMENT_TARGET = 10.0;
				MTL_ENABLE_DEBUG_INFO = NO;
				SDKROOT = iphoneos;
				SWIFT_OPTIMIZATION_LEVEL = "-Owholemodule";
				TARGETED_DEVICE_FAMILY = "1,2";
				VALIDATE_PRODUCT = YES;
			};
			name = Release;
		};
		F12284331D6DCF1600EDDE6B /* Debug */ = {
			isa = XCBuildConfiguration;
			buildSettings = {
				ASSETCATALOG_COMPILER_APPICON_NAME = AppIcon;
				INFOPLIST_FILE = MyRestraunts/Info.plist;
				LD_RUNPATH_SEARCH_PATHS = "$(inherited) @executable_path/Frameworks";
				PRODUCT_BUNDLE_IDENTIFIER = com.skrjApp.MyRestraunts;
				PRODUCT_NAME = "$(TARGET_NAME)";
				SWIFT_VERSION = 3.0;
			};
			name = Debug;
		};
		F12284341D6DCF1600EDDE6B /* Release */ = {
			isa = XCBuildConfiguration;
			buildSettings = {
				ASSETCATALOG_COMPILER_APPICON_NAME = AppIcon;
				INFOPLIST_FILE = MyRestraunts/Info.plist;
				LD_RUNPATH_SEARCH_PATHS = "$(inherited) @executable_path/Frameworks";
				PRODUCT_BUNDLE_IDENTIFIER = com.skrjApp.MyRestraunts;
				PRODUCT_NAME = "$(TARGET_NAME)";
				SWIFT_VERSION = 3.0;
			};
			name = Release;
		};
/* End XCBuildConfiguration section */

/* Begin XCConfigurationList section */
		F122841B1D6DCF1500EDDE6B /* Build configuration list for PBXProject "MyRestraunts" */ = {
			isa = XCConfigurationList;
			buildConfigurations = (
				F12284301D6DCF1600EDDE6B /* Debug */,
				F12284311D6DCF1600EDDE6B /* Release */,
			);
			defaultConfigurationIsVisible = 0;
			defaultConfigurationName = Release;
		};
		F12284321D6DCF1600EDDE6B /* Build configuration list for PBXNativeTarget "MyRestraunts" */ = {
			isa = XCConfigurationList;
			buildConfigurations = (
				F12284331D6DCF1600EDDE6B /* Debug */,
				F12284341D6DCF1600EDDE6B /* Release */,
			);
			defaultConfigurationIsVisible = 0;
			defaultConfigurationName = Release;
		};
/* End XCConfigurationList section */
	};
	rootObject = F12284181D6DCF1500EDDE6B /* Project object */;
}
